github.com/garyburd/redigo v1.6.0 h1:0VruCpn7yAIIu7pWVClQC8wxCJEcG3nyzpMSHKi1PQc=
github.com/garyburd/redigo v1.6.0/go.mod h1:NR3MbYisc3/PwhQ00EMzDiPmrwpPxAn5GI05/YaO1SY=
github.com/google/go-querystring v1.0.0 h1:Xkwi/a1rcvNg1PPYe5vI8GbeBY/jrVuDX5ASuANWTrk=
github.com/google/go-querystring v1.0.0/go.mod h1:odCYkC5MyYFN7vkCjXpyrEuKhc/BUO6wN/zVPAxq5ck=
github.com/lucazulian/cryptocomparego v0.0.0-20190615070552-deae92f3c4b9 h1:3Yhmp+XklZCsqEzOQjuEQGp3MIecweaJ/tVny5yVPpQ=
github.com/lucazulian/cryptocomparego v0.0.0-20190615070552-deae92f3c4b9/go.mod h1:0f/CaEhv0rNLshpED7W89bOpNydIjCVhSSdkFe7kw2k=
github.com/pkg/errors v0.8.1 h1:iURUrRGxPUNPdy5/HRSm+Yj6okJ6UtLINN0Q9M4+h3I=
github.com/pkg/errors v0.8.1/go.mod h1:bwawxfHBFNV+L2hUp1rHADufV3IMtnDRdf1r5NINEl0=
